// !$*UTF8*$!
{
	archiveVersion = 1;
	classes = {
	};
	objectVersion = 56;
	objects = {

/* Begin PBXBuildFile section */
		4613F3FF2B512964001EF209 /* MainViewController.swift in Sources */ = {isa = PBXBuildFile; fileRef = 4613F3FE2B512964001EF209 /* MainViewController.swift */; };
		4678A27C2B4F0C35006EFDF6 /* AppDelegate.swift in Sources */ = {isa = PBXBuildFile; fileRef = 4678A27B2B4F0C35006EFDF6 /* AppDelegate.swift */; };
		4678A27E2B4F0C35006EFDF6 /* SceneDelegate.swift in Sources */ = {isa = PBXBuildFile; fileRef = 4678A27D2B4F0C35006EFDF6 /* SceneDelegate.swift */; };
		4678A2802B4F0C35006EFDF6 /* TodoViewController.swift in Sources */ = {isa = PBXBuildFile; fileRef = 4678A27F2B4F0C35006EFDF6 /* TodoViewController.swift */; };
		4678A2852B4F0C37006EFDF6 /* Assets.xcassets in Resources */ = {isa = PBXBuildFile; fileRef = 4678A2842B4F0C37006EFDF6 /* Assets.xcassets */; };
		4678A2882B4F0C37006EFDF6 /* LaunchScreen.storyboard in Resources */ = {isa = PBXBuildFile; fileRef = 4678A2862B4F0C37006EFDF6 /* LaunchScreen.storyboard */; };
		4678A2902B4F0E03006EFDF6 /* Todo.swift in Sources */ = {isa = PBXBuildFile; fileRef = 4678A28F2B4F0E03006EFDF6 /* Todo.swift */; };
		4678A2922B4F83F1006EFDF6 /* SectionHeaderView.swift in Sources */ = {isa = PBXBuildFile; fileRef = 4678A2912B4F83F1006EFDF6 /* SectionHeaderView.swift */; };
		4678A2B62B4FF164006EFDF6 /* TodoCell.swift in Sources */ = {isa = PBXBuildFile; fileRef = 4678A2B52B4FF164006EFDF6 /* TodoCell.swift */; };
		46ECB2D62B53ADEA001664E4 /* CompletedTasksController.swift in Sources */ = {isa = PBXBuildFile; fileRef = 46ECB2D52B53ADEA001664E4 /* CompletedTasksController.swift */; };
		46ECB2D92B53DB33001664E4 /* UIImageView + Extension.swift in Sources */ = {isa = PBXBuildFile; fileRef = 46ECB2D82B53DB33001664E4 /* UIImageView + Extension.swift */; };
		46ECB2DB2B53DCE9001664E4 /* NetworkError.swift in Sources */ = {isa = PBXBuildFile; fileRef = 46ECB2DA2B53DCE9001664E4 /* NetworkError.swift */; };
		46ECB2DD2B53E30D001664E4 /* CatViewController.swift in Sources */ = {isa = PBXBuildFile; fileRef = 46ECB2DC2B53E30D001664E4 /* CatViewController.swift */; };
		46ECB2DF2B53E3BF001664E4 /* TodoManager.swift in Sources */ = {isa = PBXBuildFile; fileRef = 46ECB2DE2B53E3BF001664E4 /* TodoManager.swift */; };
/* End PBXBuildFile section */

/* Begin PBXFileReference section */
		4613F3FE2B512964001EF209 /* MainViewController.swift */ = {isa = PBXFileReference; lastKnownFileType = sourcecode.swift; path = MainViewController.swift; sourceTree = "<group>"; };
		4678A2782B4F0C35006EFDF6 /* TodoApp.app */ = {isa = PBXFileReference; explicitFileType = wrapper.application; includeInIndex = 0; path = TodoApp.app; sourceTree = BUILT_PRODUCTS_DIR; };
		4678A27B2B4F0C35006EFDF6 /* AppDelegate.swift */ = {isa = PBXFileReference; lastKnownFileType = sourcecode.swift; path = AppDelegate.swift; sourceTree = "<group>"; };
		4678A27D2B4F0C35006EFDF6 /* SceneDelegate.swift */ = {isa = PBXFileReference; lastKnownFileType = sourcecode.swift; path = SceneDelegate.swift; sourceTree = "<group>"; };
		4678A27F2B4F0C35006EFDF6 /* TodoViewController.swift */ = {isa = PBXFileReference; lastKnownFileType = sourcecode.swift; path = TodoViewController.swift; sourceTree = "<group>"; };
		4678A2842B4F0C37006EFDF6 /* Assets.xcassets */ = {isa = PBXFileReference; lastKnownFileType = folder.assetcatalog; path = Assets.xcassets; sourceTree = "<group>"; };
		4678A2872B4F0C37006EFDF6 /* Base */ = {isa = PBXFileReference; lastKnownFileType = file.storyboard; name = Base; path = Base.lproj/LaunchScreen.storyboard; sourceTree = "<group>"; };
		4678A2892B4F0C37006EFDF6 /* Info.plist */ = {isa = PBXFileReference; lastKnownFileType = text.plist.xml; path = Info.plist; sourceTree = "<group>"; };
		4678A28F2B4F0E03006EFDF6 /* Todo.swift */ = {isa = PBXFileReference; lastKnownFileType = sourcecode.swift; path = Todo.swift; sourceTree = "<group>"; };
		4678A2912B4F83F1006EFDF6 /* SectionHeaderView.swift */ = {isa = PBXFileReference; lastKnownFileType = sourcecode.swift; path = SectionHeaderView.swift; sourceTree = "<group>"; };
		4678A2B52B4FF164006EFDF6 /* TodoCell.swift */ = {isa = PBXFileReference; lastKnownFileType = sourcecode.swift; path = TodoCell.swift; sourceTree = "<group>"; };
		46ECB2D52B53ADEA001664E4 /* CompletedTasksController.swift */ = {isa = PBXFileReference; lastKnownFileType = sourcecode.swift; path = CompletedTasksController.swift; sourceTree = "<group>"; };
		46ECB2D82B53DB33001664E4 /* UIImageView + Extension.swift */ = {isa = PBXFileReference; lastKnownFileType = sourcecode.swift; path = "UIImageView + Extension.swift"; sourceTree = "<group>"; };
		46ECB2DA2B53DCE9001664E4 /* NetworkError.swift */ = {isa = PBXFileReference; lastKnownFileType = sourcecode.swift; path = NetworkError.swift; sourceTree = "<group>"; };
		46ECB2DC2B53E30D001664E4 /* CatViewController.swift */ = {isa = PBXFileReference; lastKnownFileType = sourcecode.swift; path = CatViewController.swift; sourceTree = "<group>"; };
		46ECB2DE2B53E3BF001664E4 /* TodoManager.swift */ = {isa = PBXFileReference; lastKnownFileType = sourcecode.swift; path = TodoManager.swift; sourceTree = "<group>"; };
/* End PBXFileReference section */

/* Begin PBXFrameworksBuildPhase section */
		4678A2752B4F0C35006EFDF6 /* Frameworks */ = {
			isa = PBXFrameworksBuildPhase;
			buildActionMask = 2147483647;
			files = (
			);
			runOnlyForDeploymentPostprocessing = 0;
		};
/* End PBXFrameworksBuildPhase section */

/* Begin PBXGroup section */
		4678A26F2B4F0C35006EFDF6 = {
			isa = PBXGroup;
			children = (
				4678A27A2B4F0C35006EFDF6 /* TodoApp */,
				4678A2792B4F0C35006EFDF6 /* Products */,
			);
			sourceTree = "<group>";
		};
		4678A2792B4F0C35006EFDF6 /* Products */ = {
			isa = PBXGroup;
			children = (
				4678A2782B4F0C35006EFDF6 /* TodoApp.app */,
			);
			name = Products;
			sourceTree = "<group>";
		};
		4678A27A2B4F0C35006EFDF6 /* TodoApp */ = {
			isa = PBXGroup;
			children = (
				46ECB2D72B53DB02001664E4 /* Utils */,
				4678A2B42B4FF139006EFDF6 /* Model */,
				4678A2B32B4FF128006EFDF6 /* ViewController */,
				4678A27B2B4F0C35006EFDF6 /* AppDelegate.swift */,
				4678A27D2B4F0C35006EFDF6 /* SceneDelegate.swift */,
				4678A2842B4F0C37006EFDF6 /* Assets.xcassets */,
				4678A2862B4F0C37006EFDF6 /* LaunchScreen.storyboard */,
				4678A2892B4F0C37006EFDF6 /* Info.plist */,
				4678A2912B4F83F1006EFDF6 /* SectionHeaderView.swift */,
			);
			path = TodoApp;
			sourceTree = "<group>";
		};
		4678A2B32B4FF128006EFDF6 /* ViewController */ = {
			isa = PBXGroup;
			children = (
				4613F3FE2B512964001EF209 /* MainViewController.swift */,
				4678A27F2B4F0C35006EFDF6 /* TodoViewController.swift */,
				46ECB2D52B53ADEA001664E4 /* CompletedTasksController.swift */,
				46ECB2DC2B53E30D001664E4 /* CatViewController.swift */,
				4678A2B52B4FF164006EFDF6 /* TodoCell.swift */,
			);
			path = ViewController;
			sourceTree = "<group>";
		};
		4678A2B42B4FF139006EFDF6 /* Model */ = {
			isa = PBXGroup;
			children = (
				4678A28F2B4F0E03006EFDF6 /* Todo.swift */,
				46ECB2DE2B53E3BF001664E4 /* TodoManager.swift */,
			);
			path = Model;
			sourceTree = "<group>";
		};
		46ECB2D72B53DB02001664E4 /* Utils */ = {
			isa = PBXGroup;
			children = (
				46ECB2D82B53DB33001664E4 /* UIImageView + Extension.swift */,
				46ECB2DA2B53DCE9001664E4 /* NetworkError.swift */,
			);
			path = Utils;
			sourceTree = "<group>";
		};
/* End PBXGroup section */

/* Begin PBXNativeTarget section */
		4678A2772B4F0C35006EFDF6 /* TodoApp */ = {
			isa = PBXNativeTarget;
			buildConfigurationList = 4678A28C2B4F0C37006EFDF6 /* Build configuration list for PBXNativeTarget "TodoApp" */;
			buildPhases = (
				4678A2742B4F0C35006EFDF6 /* Sources */,
				4678A2752B4F0C35006EFDF6 /* Frameworks */,
				4678A2762B4F0C35006EFDF6 /* Resources */,
			);
			buildRules = (
			);
			dependencies = (
			);
			name = TodoApp;
			productName = TodoApp;
			productReference = 4678A2782B4F0C35006EFDF6 /* TodoApp.app */;
			productType = "com.apple.product-type.application";
		};
/* End PBXNativeTarget section */

/* Begin PBXProject section */
		4678A2702B4F0C35006EFDF6 /* Project object */ = {
			isa = PBXProject;
			attributes = {
				BuildIndependentTargetsInParallel = 1;
				LastSwiftUpdateCheck = 1500;
				LastUpgradeCheck = 1500;
				TargetAttributes = {
					4678A2772B4F0C35006EFDF6 = {
						CreatedOnToolsVersion = 15.0.1;
					};
				};
			};
			buildConfigurationList = 4678A2732B4F0C35006EFDF6 /* Build configuration list for PBXProject "TodoApp" */;
			compatibilityVersion = "Xcode 14.0";
			developmentRegion = en;
			hasScannedForEncodings = 0;
			knownRegions = (
				en,
				Base,
			);
			mainGroup = 4678A26F2B4F0C35006EFDF6;
			productRefGroup = 4678A2792B4F0C35006EFDF6 /* Products */;
			projectDirPath = "";
			projectRoot = "";
			targets = (
				4678A2772B4F0C35006EFDF6 /* TodoApp */,
			);
		};
/* End PBXProject section */

/* Begin PBXResourcesBuildPhase section */
		4678A2762B4F0C35006EFDF6 /* Resources */ = {
			isa = PBXResourcesBuildPhase;
			buildActionMask = 2147483647;
			files = (
				4678A2882B4F0C37006EFDF6 /* LaunchScreen.storyboard in Resources */,
				4678A2852B4F0C37006EFDF6 /* Assets.xcassets in Resources */,
			);
			runOnlyForDeploymentPostprocessing = 0;
		};
/* End PBXResourcesBuildPhase section */

/* Begin PBXSourcesBuildPhase section */
		4678A2742B4F0C35006EFDF6 /* Sources */ = {
			isa = PBXSourcesBuildPhase;
			buildActionMask = 2147483647;
			files = (
				46ECB2D92B53DB33001664E4 /* UIImageView + Extension.swift in Sources */,
				46ECB2DF2B53E3BF001664E4 /* TodoManager.swift in Sources */,
				4613F3FF2B512964001EF209 /* MainViewController.swift in Sources */,
				4678A2802B4F0C35006EFDF6 /* TodoViewController.swift in Sources */,
				4678A2B62B4FF164006EFDF6 /* TodoCell.swift in Sources */,
				4678A27C2B4F0C35006EFDF6 /* AppDelegate.swift in Sources */,
				4678A2922B4F83F1006EFDF6 /* SectionHeaderView.swift in Sources */,
				46ECB2DD2B53E30D001664E4 /* CatViewController.swift in Sources */,
				4678A27E2B4F0C35006EFDF6 /* SceneDelegate.swift in Sources */,
				4678A2902B4F0E03006EFDF6 /* Todo.swift in Sources */,
				46ECB2D62B53ADEA001664E4 /* CompletedTasksController.swift in Sources */,
				46ECB2DB2B53DCE9001664E4 /* NetworkError.swift in Sources */,
			);
			runOnlyForDeploymentPostprocessing = 0;
		};
/* End PBXSourcesBuildPhase section */

/* Begin PBXVariantGroup section */
		4678A2862B4F0C37006EFDF6 /* LaunchScreen.storyboard */ = {
			isa = PBXVariantGroup;
			children = (
				4678A2872B4F0C37006EFDF6 /* Base */,
			);
			name = LaunchScreen.storyboard;
			sourceTree = "<group>";
		};
/* End PBXVariantGroup section */

/* Begin XCBuildConfiguration section */
		4678A28A2B4F0C37006EFDF6 /* Debug */ = {
			isa = XCBuildConfiguration;
			buildSettings = {
				ALWAYS_SEARCH_USER_PATHS = NO;
				ASSETCATALOG_COMPILER_GENERATE_SWIFT_ASSET_SYMBOL_EXTENSIONS = YES;
				CLANG_ANALYZER_NONNULL = YES;
				CLANG_ANALYZER_NUMBER_OBJECT_CONVERSION = YES_AGGRESSIVE;
				CLANG_CXX_LANGUAGE_STANDARD = "gnu++20";
				CLANG_ENABLE_MODULES = YES;
				CLANG_ENABLE_OBJC_ARC = YES;
				CLANG_ENABLE_OBJC_WEAK = YES;
				CLANG_WARN_BLOCK_CAPTURE_AUTORELEASING = YES;
				CLANG_WARN_BOOL_CONVERSION = YES;
				CLANG_WARN_COMMA = YES;
				CLANG_WARN_CONSTANT_CONVERSION = YES;
				CLANG_WARN_DEPRECATED_OBJC_IMPLEMENTATIONS = YES;
				CLANG_WARN_DIRECT_OBJC_ISA_USAGE = YES_ERROR;
				CLANG_WARN_DOCUMENTATION_COMMENTS = YES;
				CLANG_WARN_EMPTY_BODY = YES;
				CLANG_WARN_ENUM_CONVERSION = YES;
				CLANG_WARN_INFINITE_RECURSION = YES;
				CLANG_WARN_INT_CONVERSION = YES;
				CLANG_WARN_NON_LITERAL_NULL_CONVERSION = YES;
				CLANG_WARN_OBJC_IMPLICIT_RETAIN_SELF = YES;
				CLANG_WARN_OBJC_LITERAL_CONVERSION = YES;
				CLANG_WARN_OBJC_ROOT_CLASS = YES_ERROR;
				CLANG_WARN_QUOTED_INCLUDE_IN_FRAMEWORK_HEADER = YES;
				CLANG_WARN_RANGE_LOOP_ANALYSIS = YES;
				CLANG_WARN_STRICT_PROTOTYPES = YES;
				CLANG_WARN_SUSPICIOUS_MOVE = YES;
				CLANG_WARN_UNGUARDED_AVAILABILITY = YES_AGGRESSIVE;
				CLANG_WARN_UNREACHABLE_CODE = YES;
				CLANG_WARN__DUPLICATE_METHOD_MATCH = YES;
				COPY_PHASE_STRIP = NO;
				DEBUG_INFORMATION_FORMAT = dwarf;
				ENABLE_STRICT_OBJC_MSGSEND = YES;
				ENABLE_TESTABILITY = YES;
				ENABLE_USER_SCRIPT_SANDBOXING = YES;
				GCC_C_LANGUAGE_STANDARD = gnu17;
				GCC_DYNAMIC_NO_PIC = NO;
				GCC_NO_COMMON_BLOCKS = YES;
				GCC_OPTIMIZATION_LEVEL = 0;
				GCC_PREPROCESSOR_DEFINITIONS = (
					"DEBUG=1",
					"$(inherited)",
				);
				GCC_WARN_64_TO_32_BIT_CONVERSION = YES;
				GCC_WARN_ABOUT_RETURN_TYPE = YES_ERROR;
				GCC_WARN_UNDECLARED_SELECTOR = YES;
				GCC_WARN_UNINITIALIZED_AUTOS = YES_AGGRESSIVE;
				GCC_WARN_UNUSED_FUNCTION = YES;
				GCC_WARN_UNUSED_VARIABLE = YES;
				IPHONEOS_DEPLOYMENT_TARGET = 17.0;
				LOCALIZATION_PREFERS_STRING_CATALOGS = YES;
				MTL_ENABLE_DEBUG_INFO = INCLUDE_SOURCE;
				MTL_FAST_MATH = YES;
				ONLY_ACTIVE_ARCH = YES;
				SDKROOT = iphoneos;
				SWIFT_ACTIVE_COMPILATION_CONDITIONS = "DEBUG $(inherited)";
				SWIFT_OPTIMIZATION_LEVEL = "-Onone";
			};
			name = Debug;
		};
		4678A28B2B4F0C37006EFDF6 /* Release */ = {
			isa = XCBuildConfiguration;
			buildSettings = {
				ALWAYS_SEARCH_USER_PATHS = NO;
				ASSETCATALOG_COMPILER_GENERATE_SWIFT_ASSET_SYMBOL_EXTENSIONS = YES;
				CLANG_ANALYZER_NONNULL = YES;
				CLANG_ANALYZER_NUMBER_OBJECT_CONVERSION = YES_AGGRESSIVE;
				CLANG_CXX_LANGUAGE_STANDARD = "gnu++20";
				CLANG_ENABLE_MODULES = YES;
				CLANG_ENABLE_OBJC_ARC = YES;
				CLANG_ENABLE_OBJC_WEAK = YES;
				CLANG_WARN_BLOCK_CAPTURE_AUTORELEASING = YES;
				CLANG_WARN_BOOL_CONVERSION = YES;
				CLANG_WARN_COMMA = YES;
				CLANG_WARN_CONSTANT_CONVERSION = YES;
				CLANG_WARN_DEPRECATED_OBJC_IMPLEMENTATIONS = YES;
				CLANG_WARN_DIRECT_OBJC_ISA_USAGE = YES_ERROR;
				CLANG_WARN_DOCUMENTATION_COMMENTS = YES;
				CLANG_WARN_EMPTY_BODY = YES;
				CLANG_WARN_ENUM_CONVERSION = YES;
				CLANG_WARN_INFINITE_RECURSION = YES;
				CLANG_WARN_INT_CONVERSION = YES;
				CLANG_WARN_NON_LITERAL_NULL_CONVERSION = YES;
				CLANG_WARN_OBJC_IMPLICIT_RETAIN_SELF = YES;
				CLANG_WARN_OBJC_LITERAL_CONVERSION = YES;
				CLANG_WARN_OBJC_ROOT_CLASS = YES_ERROR;
				CLANG_WARN_QUOTED_INCLUDE_IN_FRAMEWORK_HEADER = YES;
				CLANG_WARN_RANGE_LOOP_ANALYSIS = YES;
				CLANG_WARN_STRICT_PROTOTYPES = YES;
				CLANG_WARN_SUSPICIOUS_MOVE = YES;
				CLANG_WARN_UNGUARDED_AVAILABILITY = YES_AGGRESSIVE;
				CLANG_WARN_UNREACHABLE_CODE = YES;
				CLANG_WARN__DUPLICATE_METHOD_MATCH = YES;
				COPY_PHASE_STRIP = NO;
				DEBUG_INFORMATION_FORMAT = "dwarf-with-dsym";
				ENABLE_NS_ASSERTIONS = NO;
				ENABLE_STRICT_OBJC_MSGSEND = YES;
				ENABLE_USER_SCRIPT_SANDBOXING = YES;
				GCC_C_LANGUAGE_STANDARD = gnu17;
				GCC_NO_COMMON_BLOCKS = YES;
				GCC_WARN_64_TO_32_BIT_CONVERSION = YES;
				GCC_WARN_ABOUT_RETURN_TYPE = YES_ERROR;
				GCC_WARN_UNDECLARED_SELECTOR = YES;
				GCC_WARN_UNINITIALIZED_AUTOS = YES_AGGRESSIVE;
				GCC_WARN_UNUSED_FUNCTION = YES;
				GCC_WARN_UNUSED_VARIABLE = YES;
				IPHONEOS_DEPLOYMENT_TARGET = 17.0;
				LOCALIZATION_PREFERS_STRING_CATALOGS = YES;
				MTL_ENABLE_DEBUG_INFO = NO;
				MTL_FAST_MATH = YES;
				SDKROOT = iphoneos;
				SWIFT_COMPILATION_MODE = wholemodule;
				VALIDATE_PRODUCT = YES;
			};
			name = Release;
		};
		4678A28D2B4F0C37006EFDF6 /* Debug */ = {
			isa = XCBuildConfiguration;
			buildSettings = {
				ASSETCATALOG_COMPILER_APPICON_NAME = AppIcon;
				ASSETCATALOG_COMPILER_GLOBAL_ACCENT_COLOR_NAME = AccentColor;
				CODE_SIGN_STYLE = Automatic;
				CURRENT_PROJECT_VERSION = 1;
				GENERATE_INFOPLIST_FILE = YES;
				INFOPLIST_FILE = TodoApp/Info.plist;
				INFOPLIST_KEY_UIApplicationSupportsIndirectInputEvents = YES;
				INFOPLIST_KEY_UILaunchStoryboardName = LaunchScreen;
				INFOPLIST_KEY_UIMainStoryboardFile = "";
				INFOPLIST_KEY_UISupportedInterfaceOrientations_iPad = "UIInterfaceOrientationPortrait UIInterfaceOrientationPortraitUpsideDown UIInterfaceOrientationLandscapeLeft UIInterfaceOrientationLandscapeRight";
				INFOPLIST_KEY_UISupportedInterfaceOrientations_iPhone = "UIInterfaceOrientationPortrait UIInterfaceOrientationLandscapeLeft UIInterfaceOrientationLandscapeRight";
				IPHONEOS_DEPLOYMENT_TARGET = 16.4;
				LD_RUNPATH_SEARCH_PATHS = (
					"$(inherited)",
					"@executable_path/Frameworks",
				);
				MARKETING_VERSION = 1.0;
				PRODUCT_BUNDLE_IDENTIFIER = com.yeongh.TodoApp;
				PRODUCT_NAME = "$(TARGET_NAME)";
				SWIFT_EMIT_LOC_STRINGS = YES;
				SWIFT_VERSION = 5.0;
				TARGETED_DEVICE_FAMILY = "1,2";
			};
			name = Debug;
		};
		4678A28E2B4F0C37006EFDF6 /* Release */ = {
			isa = XCBuildConfiguration;
			buildSettings = {
				ASSETCATALOG_COMPILER_APPICON_NAME = AppIcon;
				ASSETCATALOG_COMPILER_GLOBAL_ACCENT_COLOR_NAME = AccentColor;
				CODE_SIGN_STYLE = Automatic;
				CURRENT_PROJECT_VERSION = 1;
				GENERATE_INFOPLIST_FILE = YES;
				INFOPLIST_FILE = TodoApp/Info.plist;
				INFOPLIST_KEY_UIApplicationSupportsIndirectInputEvents = YES;
				INFOPLIST_KEY_UILaunchStoryboardName = LaunchScreen;
				INFOPLIST_KEY_UIMainStoryboardFile = "";
				INFOPLIST_KEY_UISupportedInterfaceOrientations_iPad = "UIInterfaceOrientationPortrait UIInterfaceOrientationPortraitUpsideDown UIInterfaceOrientationLandscapeLeft UIInterfaceOrientationLandscapeRight";
				INFOPLIST_KEY_UISupportedInterfaceOrientations_iPhone = "UIInterfaceOrientationPortrait UIInterfaceOrientationLandscapeLeft UIInterfaceOrientationLandscapeRight";
				IPHONEOS_DEPLOYMENT_TARGET = 16.4;
				LD_RUNPATH_SEARCH_PATHS = (
					"$(inherited)",
					"@executable_path/Frameworks",
				);
				MARKETING_VERSION = 1.0;
				PRODUCT_BUNDLE_IDENTIFIER = com.yeongh.TodoApp;
				PRODUCT_NAME = "$(TARGET_NAME)";
				SWIFT_EMIT_LOC_STRINGS = YES;
				SWIFT_VERSION = 5.0;
				TARGETED_DEVICE_FAMILY = "1,2";
			};
			name = Release;
		};
/* End XCBuildConfiguration section */

/* Begin XCConfigurationList section */
		4678A2732B4F0C35006EFDF6 /* Build configuration list for PBXProject "TodoApp" */ = {
			isa = XCConfigurationList;
			buildConfigurations = (
				4678A28A2B4F0C37006EFDF6 /* Debug */,
				4678A28B2B4F0C37006EFDF6 /* Release */,
			);
			defaultConfigurationIsVisible = 0;
			defaultConfigurationName = Release;
		};
		4678A28C2B4F0C37006EFDF6 /* Build configuration list for PBXNativeTarget "TodoApp" */ = {
			isa = XCConfigurationList;
			buildConfigurations = (
				4678A28D2B4F0C37006EFDF6 /* Debug */,
				4678A28E2B4F0C37006EFDF6 /* Release */,
			);
			defaultConfigurationIsVisible = 0;
			defaultConfigurationName = Release;
		};
/* End XCConfigurationList section */
	};
	rootObject = 4678A2702B4F0C35006EFDF6 /* Project object */;
}
